// !$*UTF8*$!
{
	archiveVersion = 1;
	classes = {
	};
	objectVersion = 56;
	objects = {

/* Begin PBXBuildFile section */
		ADBF08C52A04157D0051C919 /* ContactsListSwiftUIApp.swift in Sources */ = {isa = PBXBuildFile; fileRef = ADBF08C42A04157D0051C919 /* ContactsListSwiftUIApp.swift */; };
		ADBF08C72A04157D0051C919 /* ContentView.swift in Sources */ = {isa = PBXBuildFile; fileRef = ADBF08C62A04157D0051C919 /* ContentView.swift */; };
		ADBF08C92A04157D0051C919 /* Assets.xcassets in Resources */ = {isa = PBXBuildFile; fileRef = ADBF08C82A04157D0051C919 /* Assets.xcassets */; };
		ADBF08CC2A04157D0051C919 /* Preview Assets.xcassets in Resources */ = {isa = PBXBuildFile; fileRef = ADBF08CB2A04157D0051C919 /* Preview Assets.xcassets */; };
		ADBF08D32A0415E50051C919 /* Person.swift in Sources */ = {isa = PBXBuildFile; fileRef = ADBF08D22A0415E50051C919 /* Person.swift */; };
		ADBF08D82A04162C0051C919 /* DataStore.swift in Sources */ = {isa = PBXBuildFile; fileRef = ADBF08D72A04162C0051C919 /* DataStore.swift */; };
		ADBF08DE2A0419310051C919 /* DetailInfoView.swift in Sources */ = {isa = PBXBuildFile; fileRef = ADBF08DD2A0419310051C919 /* DetailInfoView.swift */; };
		ADBF08E22A0419860051C919 /* ContactsListWithInfoView.swift in Sources */ = {isa = PBXBuildFile; fileRef = ADBF08E12A0419860051C919 /* ContactsListWithInfoView.swift */; };
		ADBF08E42A041F300051C919 /* ContactListView.swift in Sources */ = {isa = PBXBuildFile; fileRef = ADBF08E32A041F300051C919 /* ContactListView.swift */; };
		ADBF08E62A043D590051C919 /* CommunicationMethodView.swift in Sources */ = {isa = PBXBuildFile; fileRef = ADBF08E52A043D590051C919 /* CommunicationMethodView.swift */; };
/* End PBXBuildFile section */

/* Begin PBXFileReference section */
		ADBF08C12A04157D0051C919 /* ContactsListSwiftUI.app */ = {isa = PBXFileReference; explicitFileType = wrapper.application; includeInIndex = 0; path = ContactsListSwiftUI.app; sourceTree = BUILT_PRODUCTS_DIR; };
		ADBF08C42A04157D0051C919 /* ContactsListSwiftUIApp.swift */ = {isa = PBXFileReference; lastKnownFileType = sourcecode.swift; path = ContactsListSwiftUIApp.swift; sourceTree = "<group>"; };
		ADBF08C62A04157D0051C919 /* ContentView.swift */ = {isa = PBXFileReference; lastKnownFileType = sourcecode.swift; path = ContentView.swift; sourceTree = "<group>"; };
		ADBF08C82A04157D0051C919 /* Assets.xcassets */ = {isa = PBXFileReference; lastKnownFileType = folder.assetcatalog; path = Assets.xcassets; sourceTree = "<group>"; };
		ADBF08CB2A04157D0051C919 /* Preview Assets.xcassets */ = {isa = PBXFileReference; lastKnownFileType = folder.assetcatalog; path = "Preview Assets.xcassets"; sourceTree = "<group>"; };
		ADBF08D22A0415E50051C919 /* Person.swift */ = {isa = PBXFileReference; lastKnownFileType = sourcecode.swift; path = Person.swift; sourceTree = "<group>"; };
		ADBF08D72A04162C0051C919 /* DataStore.swift */ = {isa = PBXFileReference; lastKnownFileType = sourcecode.swift; path = DataStore.swift; sourceTree = "<group>"; };
		ADBF08DD2A0419310051C919 /* DetailInfoView.swift */ = {isa = PBXFileReference; lastKnownFileType = sourcecode.swift; path = DetailInfoView.swift; sourceTree = "<group>"; };
		ADBF08E12A0419860051C919 /* ContactsListWithInfoView.swift */ = {isa = PBXFileReference; lastKnownFileType = sourcecode.swift; path = ContactsListWithInfoView.swift; sourceTree = "<group>"; };
		ADBF08E32A041F300051C919 /* ContactListView.swift */ = {isa = PBXFileReference; lastKnownFileType = sourcecode.swift; path = ContactListView.swift; sourceTree = "<group>"; };
		ADBF08E52A043D590051C919 /* CommunicationMethodView.swift */ = {isa = PBXFileReference; lastKnownFileType = sourcecode.swift; path = CommunicationMethodView.swift; sourceTree = "<group>"; };
/* End PBXFileReference section */

/* Begin PBXFrameworksBuildPhase section */
		ADBF08BE2A04157D0051C919 /* Frameworks */ = {
			isa = PBXFrameworksBuildPhase;
			buildActionMask = 2147483647;
			files = (
			);
			runOnlyForDeploymentPostprocessing = 0;
		};
/* End PBXFrameworksBuildPhase section */

/* Begin PBXGroup section */
		ADBF08B82A04157D0051C919 = {
			isa = PBXGroup;
			children = (
				ADBF08C32A04157D0051C919 /* ContactsListSwiftUI */,
				ADBF08C22A04157D0051C919 /* Products */,
			);
			sourceTree = "<group>";
		};
		ADBF08C22A04157D0051C919 /* Products */ = {
			isa = PBXGroup;
			children = (
				ADBF08C12A04157D0051C919 /* ContactsListSwiftUI.app */,
			);
			name = Products;
			sourceTree = "<group>";
		};
		ADBF08C32A04157D0051C919 /* ContactsListSwiftUI */ = {
			isa = PBXGroup;
			children = (
				ADBF08D62A0416060051C919 /* App */,
				ADBF08D52A0415FB0051C919 /* Views */,
				ADBF08D42A0415F10051C919 /* Models */,
				ADBF08D92A0416560051C919 /* Services */,
				ADBF08DA2A0416720051C919 /* Resources */,
				ADBF08CA2A04157D0051C919 /* Preview Content */,
			);
			path = ContactsListSwiftUI;
			sourceTree = "<group>";
		};
		ADBF08CA2A04157D0051C919 /* Preview Content */ = {
			isa = PBXGroup;
			children = (
				ADBF08CB2A04157D0051C919 /* Preview Assets.xcassets */,
			);
			path = "Preview Content";
			sourceTree = "<group>";
		};
		ADBF08D42A0415F10051C919 /* Models */ = {
			isa = PBXGroup;
			children = (
				ADBF08D22A0415E50051C919 /* Person.swift */,
			);
			path = Models;
			sourceTree = "<group>";
		};
		ADBF08D52A0415FB0051C919 /* Views */ = {
			isa = PBXGroup;
			children = (
				ADBF08C62A04157D0051C919 /* ContentView.swift */,
				ADBF08E32A041F300051C919 /* ContactListView.swift */,
				ADBF08DD2A0419310051C919 /* DetailInfoView.swift */,
				ADBF08E12A0419860051C919 /* ContactsListWithInfoView.swift */,
				ADBF08E52A043D590051C919 /* CommunicationMethodView.swift */,
			);
			path = Views;
			sourceTree = "<group>";
		};
		ADBF08D62A0416060051C919 /* App */ = {
			isa = PBXGroup;
			children = (
				ADBF08C42A04157D0051C919 /* ContactsListSwiftUIApp.swift */,
			);
			path = App;
			sourceTree = "<group>";
		};
		ADBF08D92A0416560051C919 /* Services */ = {
			isa = PBXGroup;
			children = (
				ADBF08D72A04162C0051C919 /* DataStore.swift */,
			);
			path = Services;
			sourceTree = "<group>";
		};
		ADBF08DA2A0416720051C919 /* Resources */ = {
			isa = PBXGroup;
			children = (
				ADBF08C82A04157D0051C919 /* Assets.xcassets */,
			);
			path = Resources;
			sourceTree = "<group>";
		};
/* End PBXGroup section */

/* Begin PBXNativeTarget section */
		ADBF08C02A04157D0051C919 /* ContactsListSwiftUI */ = {
			isa = PBXNativeTarget;
			buildConfigurationList = ADBF08CF2A04157D0051C919 /* Build configuration list for PBXNativeTarget "ContactsListSwiftUI" */;
			buildPhases = (
				ADBF08BD2A04157D0051C919 /* Sources */,
				ADBF08BE2A04157D0051C919 /* Frameworks */,
				ADBF08BF2A04157D0051C919 /* Resources */,
			);
			buildRules = (
			);
			dependencies = (
			);
			name = ContactsListSwiftUI;
			productName = ContactsListSwiftUI;
			productReference = ADBF08C12A04157D0051C919 /* ContactsListSwiftUI.app */;
			productType = "com.apple.product-type.application";
		};
/* End PBXNativeTarget section */

/* Begin PBXProject section */
		ADBF08B92A04157D0051C919 /* Project object */ = {
			isa = PBXProject;
			attributes = {
				BuildIndependentTargetsInParallel = 1;
				LastSwiftUpdateCheck = 1430;
				LastUpgradeCheck = 1430;
				TargetAttributes = {
					ADBF08C02A04157D0051C919 = {
						CreatedOnToolsVersion = 14.3;
					};
				};
			};
			buildConfigurationList = ADBF08BC2A04157D0051C919 /* Build configuration list for PBXProject "ContactsListSwiftUI" */;
			compatibilityVersion = "Xcode 14.0";
			developmentRegion = en;
			hasScannedForEncodings = 0;
			knownRegions = (
				en,
				Base,
			);
			mainGroup = ADBF08B82A04157D0051C919;
			productRefGroup = ADBF08C22A04157D0051C919 /* Products */;
			projectDirPath = "";
			projectRoot = "";
			targets = (
				ADBF08C02A04157D0051C919 /* ContactsListSwiftUI */,
			);
		};
/* End PBXProject section */

/* Begin PBXResourcesBuildPhase section */
		ADBF08BF2A04157D0051C919 /* Resources */ = {
			isa = PBXResourcesBuildPhase;
			buildActionMask = 2147483647;
			files = (
				ADBF08CC2A04157D0051C919 /* Preview Assets.xcassets in Resources */,
				ADBF08C92A04157D0051C919 /* Assets.xcassets in Resources */,
			);
			runOnlyForDeploymentPostprocessing = 0;
		};
/* End PBXResourcesBuildPhase section */

/* Begin PBXSourcesBuildPhase section */
		ADBF08BD2A04157D0051C919 /* Sources */ = {
			isa = PBXSourcesBuildPhase;
			buildActionMask = 2147483647;
			files = (
				ADBF08D32A0415E50051C919 /* Person.swift in Sources */,
				ADBF08E42A041F300051C919 /* ContactListView.swift in Sources */,
				ADBF08E62A043D590051C919 /* CommunicationMethodView.swift in Sources */,
				ADBF08D82A04162C0051C919 /* DataStore.swift in Sources */,
				ADBF08C72A04157D0051C919 /* ContentView.swift in Sources */,
				ADBF08E22A0419860051C919 /* ContactsListWithInfoView.swift in Sources */,
				ADBF08C52A04157D0051C919 /* ContactsListSwiftUIApp.swift in Sources */,
				ADBF08DE2A0419310051C919 /* DetailInfoView.swift in Sources */,
			);
			runOnlyForDeploymentPostprocessing = 0;
		};
/* End PBXSourcesBuildPhase section */

/* Begin XCBuildConfiguration section */
		ADBF08CD2A04157D0051C919 /* Debug */ = {
			isa = XCBuildConfiguration;
			buildSettings = {
				ALWAYS_SEARCH_USER_PATHS = NO;
				CLANG_ANALYZER_NONNULL = YES;
				CLANG_ANALYZER_NUMBER_OBJECT_CONVERSION = YES_AGGRESSIVE;
				CLANG_CXX_LANGUAGE_STANDARD = "gnu++20";
				CLANG_ENABLE_MODULES = YES;
				CLANG_ENABLE_OBJC_ARC = YES;
				CLANG_ENABLE_OBJC_WEAK = YES;
				CLANG_WARN_BLOCK_CAPTURE_AUTORELEASING = YES;
				CLANG_WARN_BOOL_CONVERSION = YES;
				CLANG_WARN_COMMA = YES;
				CLANG_WARN_CONSTANT_CONVERSION = YES;
				CLANG_WARN_DEPRECATED_OBJC_IMPLEMENTATIONS = YES;
				CLANG_WARN_DIRECT_OBJC_ISA_USAGE = YES_ERROR;
				CLANG_WARN_DOCUMENTATION_COMMENTS = YES;
				CLANG_WARN_EMPTY_BODY = YES;
				CLANG_WARN_ENUM_CONVERSION = YES;
				CLANG_WARN_INFINITE_RECURSION = YES;
				CLANG_WARN_INT_CONVERSION = YES;
				CLANG_WARN_NON_LITERAL_NULL_CONVERSION = YES;
				CLANG_WARN_OBJC_IMPLICIT_RETAIN_SELF = YES;
				CLANG_WARN_OBJC_LITERAL_CONVERSION = YES;
				CLANG_WARN_OBJC_ROOT_CLASS = YES_ERROR;
				CLANG_WARN_QUOTED_INCLUDE_IN_FRAMEWORK_HEADER = YES;
				CLANG_WARN_RANGE_LOOP_ANALYSIS = YES;
				CLANG_WARN_STRICT_PROTOTYPES = YES;
				CLANG_WARN_SUSPICIOUS_MOVE = YES;
				CLANG_WARN_UNGUARDED_AVAILABILITY = YES_AGGRESSIVE;
				CLANG_WARN_UNREACHABLE_CODE = YES;
				CLANG_WARN__DUPLICATE_METHOD_MATCH = YES;
				COPY_PHASE_STRIP = NO;
				DEBUG_INFORMATION_FORMAT = dwarf;
				ENABLE_STRICT_OBJC_MSGSEND = YES;
				ENABLE_TESTABILITY = YES;
				GCC_C_LANGUAGE_STANDARD = gnu11;
				GCC_DYNAMIC_NO_PIC = NO;
				GCC_NO_COMMON_BLOCKS = YES;
				GCC_OPTIMIZATION_LEVEL = 0;
				GCC_PREPROCESSOR_DEFINITIONS = (
					"DEBUG=1",
					"$(inherited)",
				);
				GCC_WARN_64_TO_32_BIT_CONVERSION = YES;
				GCC_WARN_ABOUT_RETURN_TYPE = YES_ERROR;
				GCC_WARN_UNDECLARED_SELECTOR = YES;
				GCC_WARN_UNINITIALIZED_AUTOS = YES_AGGRESSIVE;
				GCC_WARN_UNUSED_FUNCTION = YES;
				GCC_WARN_UNUSED_VARIABLE = YES;
				IPHONEOS_DEPLOYMENT_TARGET = 16.4;
				MTL_ENABLE_DEBUG_INFO = INCLUDE_SOURCE;
				MTL_FAST_MATH = YES;
				ONLY_ACTIVE_ARCH = YES;
				SDKROOT = iphoneos;
				SWIFT_ACTIVE_COMPILATION_CONDITIONS = DEBUG;
				SWIFT_OPTIMIZATION_LEVEL = "-Onone";
			};
			name = Debug;
		};
		ADBF08CE2A04157D0051C919 /* Release */ = {
			isa = XCBuildConfiguration;
			buildSettings = {
				ALWAYS_SEARCH_USER_PATHS = NO;
				CLANG_ANALYZER_NONNULL = YES;
				CLANG_ANALYZER_NUMBER_OBJECT_CONVERSION = YES_AGGRESSIVE;
				CLANG_CXX_LANGUAGE_STANDARD = "gnu++20";
				CLANG_ENABLE_MODULES = YES;
				CLANG_ENABLE_OBJC_ARC = YES;
				CLANG_ENABLE_OBJC_WEAK = YES;
				CLANG_WARN_BLOCK_CAPTURE_AUTORELEASING = YES;
				CLANG_WARN_BOOL_CONVERSION = YES;
				CLANG_WARN_COMMA = YES;
				CLANG_WARN_CONSTANT_CONVERSION = YES;
				CLANG_WARN_DEPRECATED_OBJC_IMPLEMENTATIONS = YES;
				CLANG_WARN_DIRECT_OBJC_ISA_USAGE = YES_ERROR;
				CLANG_WARN_DOCUMENTATION_COMMENTS = YES;
				CLANG_WARN_EMPTY_BODY = YES;
				CLANG_WARN_ENUM_CONVERSION = YES;
				CLANG_WARN_INFINITE_RECURSION = YES;
				CLANG_WARN_INT_CONVERSION = YES;
				CLANG_WARN_NON_LITERAL_NULL_CONVERSION = YES;
				CLANG_WARN_OBJC_IMPLICIT_RETAIN_SELF = YES;
				CLANG_WARN_OBJC_LITERAL_CONVERSION = YES;
				CLANG_WARN_OBJC_ROOT_CLASS = YES_ERROR;
				CLANG_WARN_QUOTED_INCLUDE_IN_FRAMEWORK_HEADER = YES;
				CLANG_WARN_RANGE_LOOP_ANALYSIS = YES;
				CLANG_WARN_STRICT_PROTOTYPES = YES;
				CLANG_WARN_SUSPICIOUS_MOVE = YES;
				CLANG_WARN_UNGUARDED_AVAILABILITY = YES_AGGRESSIVE;
				CLANG_WARN_UNREACHABLE_CODE = YES;
				CLANG_WARN__DUPLICATE_METHOD_MATCH = YES;
				COPY_PHASE_STRIP = NO;
				DEBUG_INFORMATION_FORMAT = "dwarf-with-dsym";
				ENABLE_NS_ASSERTIONS = NO;
				ENABLE_STRICT_OBJC_MSGSEND = YES;
				GCC_C_LANGUAGE_STANDARD = gnu11;
				GCC_NO_COMMON_BLOCKS = YES;
				GCC_WARN_64_TO_32_BIT_CONVERSION = YES;
				GCC_WARN_ABOUT_RETURN_TYPE = YES_ERROR;
				GCC_WARN_UNDECLARED_SELECTOR = YES;
				GCC_WARN_UNINITIALIZED_AUTOS = YES_AGGRESSIVE;
				GCC_WARN_UNUSED_FUNCTION = YES;
				GCC_WARN_UNUSED_VARIABLE = YES;
				IPHONEOS_DEPLOYMENT_TARGET = 16.4;
				MTL_ENABLE_DEBUG_INFO = NO;
				MTL_FAST_MATH = YES;
				SDKROOT = iphoneos;
				SWIFT_COMPILATION_MODE = wholemodule;
				SWIFT_OPTIMIZATION_LEVEL = "-O";
				VALIDATE_PRODUCT = YES;
			};
			name = Release;
		};
		ADBF08D02A04157D0051C919 /* Debug */ = {
			isa = XCBuildConfiguration;
			buildSettings = {
				ASSETCATALOG_COMPILER_APPICON_NAME = AppIcon;
				ASSETCATALOG_COMPILER_GLOBAL_ACCENT_COLOR_NAME = AccentColor;
				CODE_SIGN_STYLE = Automatic;
				CURRENT_PROJECT_VERSION = 1;
				DEVELOPMENT_ASSET_PATHS = "\"ContactsListSwiftUI/Preview Content\"";
				DEVELOPMENT_TEAM = 67U424DH3Z;
				ENABLE_PREVIEWS = YES;
				GENERATE_INFOPLIST_FILE = YES;
				INFOPLIST_KEY_UIApplicationSceneManifest_Generation = YES;
				INFOPLIST_KEY_UIApplicationSupportsIndirectInputEvents = YES;
				INFOPLIST_KEY_UILaunchScreen_Generation = YES;
				INFOPLIST_KEY_UISupportedInterfaceOrientations_iPad = "UIInterfaceOrientationPortrait UIInterfaceOrientationPortraitUpsideDown UIInterfaceOrientationLandscapeLeft UIInterfaceOrientationLandscapeRight";
				INFOPLIST_KEY_UISupportedInterfaceOrientations_iPhone = "UIInterfaceOrientationPortrait UIInterfaceOrientationLandscapeLeft UIInterfaceOrientationLandscapeRight";
				LD_RUNPATH_SEARCH_PATHS = (
					"$(inherited)",
					"@executable_path/Frameworks",
				);
				MARKETING_VERSION = 1.0;
				PRODUCT_BUNDLE_IDENTIFIER = lantsov.ContactsListSwiftUI;
				PRODUCT_NAME = "$(TARGET_NAME)";
				SWIFT_EMIT_LOC_STRINGS = YES;
				SWIFT_VERSION = 5.0;
				TARGETED_DEVICE_FAMILY = "1,2";
			};
			name = Debug;
		};
		ADBF08D12A04157D0051C919 /* Release */ = {
			isa = XCBuildConfiguration;
			buildSettings = {
				ASSETCATALOG_COMPILER_APPICON_NAME = AppIcon;
				ASSETCATALOG_COMPILER_GLOBAL_ACCENT_COLOR_NAME = AccentColor;
				CODE_SIGN_STYLE = Automatic;
				CURRENT_PROJECT_VERSION = 1;
				DEVELOPMENT_ASSET_PATHS = "\"ContactsListSwiftUI/Preview Content\"";
				DEVELOPMENT_TEAM = 67U424DH3Z;
				ENABLE_PREVIEWS = YES;
				GENERATE_INFOPLIST_FILE = YES;
				INFOPLIST_KEY_UIApplicationSceneManifest_Generation = YES;
				INFOPLIST_KEY_UIApplicationSupportsIndirectInputEvents = YES;
				INFOPLIST_KEY_UILaunchScreen_Generation = YES;
				INFOPLIST_KEY_UISupportedInterfaceOrientations_iPad = "UIInterfaceOrientationPortrait UIInterfaceOrientationPortraitUpsideDown UIInterfaceOrientationLandscapeLeft UIInterfaceOrientationLandscapeRight";
				INFOPLIST_KEY_UISupportedInterfaceOrientations_iPhone = "UIInterfaceOrientationPortrait UIInterfaceOrientationLandscapeLeft UIInterfaceOrientationLandscapeRight";
				LD_RUNPATH_SEARCH_PATHS = (
					"$(inherited)",
					"@executable_path/Frameworks",
				);
				MARKETING_VERSION = 1.0;
				PRODUCT_BUNDLE_IDENTIFIER = lantsov.ContactsListSwiftUI;
				PRODUCT_NAME = "$(TARGET_NAME)";
				SWIFT_EMIT_LOC_STRINGS = YES;
				SWIFT_VERSION = 5.0;
				TARGETED_DEVICE_FAMILY = "1,2";
			};
			name = Release;
		};
/* End XCBuildConfiguration section */

/* Begin XCConfigurationList section */
		ADBF08BC2A04157D0051C919 /* Build configuration list for PBXProject "ContactsListSwiftUI" */ = {
			isa = XCConfigurationList;
			buildConfigurations = (
				ADBF08CD2A04157D0051C919 /* Debug */,
				ADBF08CE2A04157D0051C919 /* Release */,
			);
			defaultConfigurationIsVisible = 0;
			defaultConfigurationName = Release;
		};
		ADBF08CF2A04157D0051C919 /* Build configuration list for PBXNativeTarget "ContactsListSwiftUI" */ = {
			isa = XCConfigurationList;
			buildConfigurations = (
				ADBF08D02A04157D0051C919 /* Debug */,
				ADBF08D12A04157D0051C919 /* Release */,
			);
			defaultConfigurationIsVisible = 0;
			defaultConfigurationName = Release;
		};
/* End XCConfigurationList section */
	};
	rootObject = ADBF08B92A04157D0051C919 /* Project object */;
}
